
Microsoft Visual Studio Solution File, Format Version 12.00
# Visual Studio 2012
Project("{FAE04EC0-301F-11D3-BF4B-00C04F79EFBC}") = "ScriptCs.Cake", "ScriptCs.Cake\ScriptCs.Cake.csproj", "{C18A2990-37F2-4CCA-8652-D2260B42F8FF}"
EndProject
Global
	GlobalSection(SolutionConfigurationPlatforms) = preSolution
		Debug|Any CPU = Debug|Any CPU
		Release|Any CPU = Release|Any CPU
	EndGlobalSection
	GlobalSection(ProjectConfigurationPlatforms) = postSolution
		{C18A2990-37F2-4CCA-8652-D2260B42F8FF}.Debug|Any CPU.ActiveCfg = Debug|Any CPU
		{C18A2990-37F2-4CCA-8652-D2260B42F8FF}.Debug|Any CPU.Build.0 = Debug|Any CPU
		{C18A2990-37F2-4CCA-8652-D2260B42F8FF}.Release|Any CPU.ActiveCfg = Release|Any CPU
		{C18A2990-37F2-4CCA-8652-D2260B42F8FF}.Release|Any CPU.Build.0 = Release|Any CPU
	EndGlobalSection
EndGlobal
